{
  "name": "pointlocation6709-ts--client",
  "version": "0.4.2",
  "lockfileVersion": 1,
  "requires": true,
  "dependencies": {
    "pointlocation6709-ts": {
      "version": "0.4.2",
      "resolved": "https://registry.npmjs.org/pointlocation6709-ts/-/pointlocation6709-ts-0.4.2.tgz",
      "integrity": "sha512-zxYHylaixilwv4J5EwhIIXu2nNM7yWoY0eQQeLDq51RgjeqT3EmCK0qikY2DoVHO3mThMZH/qjcXNJa4Pvq1GA=="
    }
  }
}
