{
  "name": "pointlocation6709-ts--client",
  "version": "0.4.3",
  "lockfileVersion": 2,
  "requires": true,
  "packages": {
    "": {
      "version": "0.4.3",
      "license": "GPL-2.0-or-later",
      "dependencies": {
        "pointlocation6709-ts": "^0.4.3"
      }
    },
    "node_modules/pointlocation6709-ts": {
      "version": "0.4.3",
      "resolved": "https://registry.npmjs.org/pointlocation6709-ts/-/pointlocation6709-ts-0.4.3.tgz",
      "integrity": "sha512-7Z63/MJwo0gJh8T5Gt0LY2BDJPjrByiaAqiXSUSVlvYTYZpG44hLEFlq6tSHCE9NeIEqI8OBjgrx5jcMTWEg0g=="
    }
  },
  "dependencies": {
    "pointlocation6709-ts": {
      "version": "0.4.3",
      "resolved": "https://registry.npmjs.org/pointlocation6709-ts/-/pointlocation6709-ts-0.4.3.tgz",
      "integrity": "sha512-7Z63/MJwo0gJh8T5Gt0LY2BDJPjrByiaAqiXSUSVlvYTYZpG44hLEFlq6tSHCE9NeIEqI8OBjgrx5jcMTWEg0g=="
    }
  }
}
