{
  "name": "pointlocation6709-ts--client",
  "version": "0.3.0",
  "lockfileVersion": 1,
  "requires": true,
  "dependencies": {
    "pointlocation6709-ts": {
      "version": "0.3.0",
      "resolved": "https://registry.npmjs.org/pointlocation6709-ts/-/pointlocation6709-ts-0.3.0.tgz",
      "integrity": "sha512-BiRzCzfuEc0Ub5BgV3qW4HLYpPpmKnC89h2bOcRnnsWT/tBjlPDLvUG1R2+coUjMurM53ZF21kh7UekXj9HoXQ=="
    }
  }
}
